
Microsoft Visual Studio Solution File, Format Version 12.00
Project("{FAE04EC0-301F-11D3-BF4B-00C04F79EFBC}") = "Demo.CentralFalhas.Api", "Demo.CentralFalhas.Api\Demo.CentralFalhas.Api.csproj", "{438BF3A8-0C4D-4653-9F71-0210F9513443}"
EndProject
Project("{2150E333-8FDC-42A3-9474-1A3956D46DE8}") = "src", "src", "{D5471CB7-607D-4FC4-8676-6B02DC74A1D4}"
EndProject
Project("{2150E333-8FDC-42A3-9474-1A3956D46DE8}") = "test", "test", "{05F18A53-FBF9-4134-8145-92A30A19CF54}"
EndProject
Project("{2150E333-8FDC-42A3-9474-1A3956D46DE8}") = "libs", "libs", "{C5C930C5-E418-47A4-8F58-A3A445FA5828}"
EndProject
Project("{2150E333-8FDC-42A3-9474-1A3956D46DE8}") = "Apps", "Apps", "{2FCA62BB-EB41-4CA1-B8DC-21C13DBDFA3E}"
EndProject
Project("{2150E333-8FDC-42A3-9474-1A3956D46DE8}") = "Core", "Core", "{53F8EF50-450A-4222-9C0D-B5378900C4B0}"
EndProject
Project("{2150E333-8FDC-42A3-9474-1A3956D46DE8}") = "Infra", "Infra", "{09558BCE-6143-432B-B4A1-200B3CCE4FFC}"
EndProject
Project("{FAE04EC0-301F-11D3-BF4B-00C04F79EFBC}") = "Demo.CentralFalhas.Domain", "Demo.CentralFalhas.Domain\Demo.CentralFalhas.Domain.csproj", "{88D2D414-6690-4D5C-A85D-402D2FC4A79E}"
EndProject
Project("{FAE04EC0-301F-11D3-BF4B-00C04F79EFBC}") = "Demo.CentralFalhas.Application", "Demo.CentralFalhas.Application\Demo.CentralFalhas.Application.csproj", "{00E3B550-D496-4030-8159-BA6E067F5D20}"
EndProject
Project("{FAE04EC0-301F-11D3-BF4B-00C04F79EFBC}") = "Demo.CentralFalhas.Persistence", "Demo.CentralFalhas.Persistence\Demo.CentralFalhas.Persistence.csproj", "{650D0860-2C77-4187-98B5-C26335142231}"
EndProject
Project("{FAE04EC0-301F-11D3-BF4B-00C04F79EFBC}") = "Demo.Libs.MultiTenancy.Abstractions", "Demo.Libs.MultiTenancy.Abstractions\Demo.Libs.MultiTenancy.Abstractions.csproj", "{EA8D8BF1-4E5E-43FE-8BBA-88A53F9EB067}"
EndProject
Project("{2150E333-8FDC-42A3-9474-1A3956D46DE8}") = "app", "app", "{068A90A0-0F19-4928-94C3-71B7D7F2053D}"
EndProject
Project("{2150E333-8FDC-42A3-9474-1A3956D46DE8}") = "libs", "libs", "{AA76DA5E-B9C7-4215-94D9-CCB6A5130BF0}"
EndProject
Project("{FAE04EC0-301F-11D3-BF4B-00C04F79EFBC}") = "Demo.Libs.MultiTenancy.Abstractions.Tests", "Demo.Libs.MultiTenancy.Abstractions.Tests\Demo.Libs.MultiTenancy.Abstractions.Tests.csproj", "{F8DDB163-18B6-4E89-98E0-2858C282487E}"
EndProject
Project("{FAE04EC0-301F-11D3-BF4B-00C04F79EFBC}") = "Demo.Libs.MultiTenancy.AspNetCore", "Demo.Libs.MultiTenancy.AspNetCore\Demo.Libs.MultiTenancy.AspNetCore.csproj", "{87CD8922-D4B5-4474-AEFB-5C3E2F1ABF27}"
EndProject
Project("{FAE04EC0-301F-11D3-BF4B-00C04F79EFBC}") = "Demo.Libs.ConnectionStrings", "Demo.Libs.ConnectionStrings\Demo.Libs.ConnectionStrings.csproj", "{39257E3A-4F2A-41CE-89F0-F30DC8DB3B15}"
EndProject
Project("{FAE04EC0-301F-11D3-BF4B-00C04F79EFBC}") = "Demo.Libs.MultiTenancy.ConnectionStrings", "Demo.Libs.MultiTenancy.ConnectionStrings\Demo.Libs.MultiTenancy.ConnectionStrings.csproj", "{B9FF53D1-25AA-4857-925A-0B23EFEFE4F6}"
EndProject
Project("{FAE04EC0-301F-11D3-BF4B-00C04F79EFBC}") = "Demo.Libs.MultiTenancy.EntityFramework", "Demo.Libs.MultiTenancy.EntityFramework\Demo.Libs.MultiTenancy.EntityFramework.csproj", "{86DC2342-37B8-4891-89C1-CC0A8323B11F}"
EndProject
Global
	GlobalSection(SolutionConfigurationPlatforms) = preSolution
		Debug|Any CPU = Debug|Any CPU
		Release|Any CPU = Release|Any CPU
	EndGlobalSection
	GlobalSection(ProjectConfigurationPlatforms) = postSolution
		{438BF3A8-0C4D-4653-9F71-0210F9513443}.Debug|Any CPU.ActiveCfg = Debug|Any CPU
		{438BF3A8-0C4D-4653-9F71-0210F9513443}.Debug|Any CPU.Build.0 = Debug|Any CPU
		{438BF3A8-0C4D-4653-9F71-0210F9513443}.Release|Any CPU.ActiveCfg = Release|Any CPU
		{438BF3A8-0C4D-4653-9F71-0210F9513443}.Release|Any CPU.Build.0 = Release|Any CPU
		{88D2D414-6690-4D5C-A85D-402D2FC4A79E}.Debug|Any CPU.ActiveCfg = Debug|Any CPU
		{88D2D414-6690-4D5C-A85D-402D2FC4A79E}.Debug|Any CPU.Build.0 = Debug|Any CPU
		{88D2D414-6690-4D5C-A85D-402D2FC4A79E}.Release|Any CPU.ActiveCfg = Release|Any CPU
		{88D2D414-6690-4D5C-A85D-402D2FC4A79E}.Release|Any CPU.Build.0 = Release|Any CPU
		{00E3B550-D496-4030-8159-BA6E067F5D20}.Debug|Any CPU.ActiveCfg = Debug|Any CPU
		{00E3B550-D496-4030-8159-BA6E067F5D20}.Debug|Any CPU.Build.0 = Debug|Any CPU
		{00E3B550-D496-4030-8159-BA6E067F5D20}.Release|Any CPU.ActiveCfg = Release|Any CPU
		{00E3B550-D496-4030-8159-BA6E067F5D20}.Release|Any CPU.Build.0 = Release|Any CPU
		{650D0860-2C77-4187-98B5-C26335142231}.Debug|Any CPU.ActiveCfg = Debug|Any CPU
		{650D0860-2C77-4187-98B5-C26335142231}.Debug|Any CPU.Build.0 = Debug|Any CPU
		{650D0860-2C77-4187-98B5-C26335142231}.Release|Any CPU.ActiveCfg = Release|Any CPU
		{650D0860-2C77-4187-98B5-C26335142231}.Release|Any CPU.Build.0 = Release|Any CPU
		{EA8D8BF1-4E5E-43FE-8BBA-88A53F9EB067}.Debug|Any CPU.ActiveCfg = Debug|Any CPU
		{EA8D8BF1-4E5E-43FE-8BBA-88A53F9EB067}.Debug|Any CPU.Build.0 = Debug|Any CPU
		{EA8D8BF1-4E5E-43FE-8BBA-88A53F9EB067}.Release|Any CPU.ActiveCfg = Release|Any CPU
		{EA8D8BF1-4E5E-43FE-8BBA-88A53F9EB067}.Release|Any CPU.Build.0 = Release|Any CPU
		{F8DDB163-18B6-4E89-98E0-2858C282487E}.Debug|Any CPU.ActiveCfg = Debug|Any CPU
		{F8DDB163-18B6-4E89-98E0-2858C282487E}.Debug|Any CPU.Build.0 = Debug|Any CPU
		{F8DDB163-18B6-4E89-98E0-2858C282487E}.Release|Any CPU.ActiveCfg = Release|Any CPU
		{F8DDB163-18B6-4E89-98E0-2858C282487E}.Release|Any CPU.Build.0 = Release|Any CPU
		{87CD8922-D4B5-4474-AEFB-5C3E2F1ABF27}.Debug|Any CPU.ActiveCfg = Debug|Any CPU
		{87CD8922-D4B5-4474-AEFB-5C3E2F1ABF27}.Debug|Any CPU.Build.0 = Debug|Any CPU
		{87CD8922-D4B5-4474-AEFB-5C3E2F1ABF27}.Release|Any CPU.ActiveCfg = Release|Any CPU
		{87CD8922-D4B5-4474-AEFB-5C3E2F1ABF27}.Release|Any CPU.Build.0 = Release|Any CPU
		{39257E3A-4F2A-41CE-89F0-F30DC8DB3B15}.Debug|Any CPU.ActiveCfg = Debug|Any CPU
		{39257E3A-4F2A-41CE-89F0-F30DC8DB3B15}.Debug|Any CPU.Build.0 = Debug|Any CPU
		{39257E3A-4F2A-41CE-89F0-F30DC8DB3B15}.Release|Any CPU.ActiveCfg = Release|Any CPU
		{39257E3A-4F2A-41CE-89F0-F30DC8DB3B15}.Release|Any CPU.Build.0 = Release|Any CPU
		{B9FF53D1-25AA-4857-925A-0B23EFEFE4F6}.Debug|Any CPU.ActiveCfg = Debug|Any CPU
		{B9FF53D1-25AA-4857-925A-0B23EFEFE4F6}.Debug|Any CPU.Build.0 = Debug|Any CPU
		{B9FF53D1-25AA-4857-925A-0B23EFEFE4F6}.Release|Any CPU.ActiveCfg = Release|Any CPU
		{B9FF53D1-25AA-4857-925A-0B23EFEFE4F6}.Release|Any CPU.Build.0 = Release|Any CPU
		{86DC2342-37B8-4891-89C1-CC0A8323B11F}.Debug|Any CPU.ActiveCfg = Debug|Any CPU
		{86DC2342-37B8-4891-89C1-CC0A8323B11F}.Debug|Any CPU.Build.0 = Debug|Any CPU
		{86DC2342-37B8-4891-89C1-CC0A8323B11F}.Release|Any CPU.ActiveCfg = Release|Any CPU
		{86DC2342-37B8-4891-89C1-CC0A8323B11F}.Release|Any CPU.Build.0 = Release|Any CPU
	EndGlobalSection
	GlobalSection(NestedProjects) = preSolution
		{2FCA62BB-EB41-4CA1-B8DC-21C13DBDFA3E} = {D5471CB7-607D-4FC4-8676-6B02DC74A1D4}
		{438BF3A8-0C4D-4653-9F71-0210F9513443} = {2FCA62BB-EB41-4CA1-B8DC-21C13DBDFA3E}
		{53F8EF50-450A-4222-9C0D-B5378900C4B0} = {D5471CB7-607D-4FC4-8676-6B02DC74A1D4}
		{09558BCE-6143-432B-B4A1-200B3CCE4FFC} = {D5471CB7-607D-4FC4-8676-6B02DC74A1D4}
		{88D2D414-6690-4D5C-A85D-402D2FC4A79E} = {53F8EF50-450A-4222-9C0D-B5378900C4B0}
		{00E3B550-D496-4030-8159-BA6E067F5D20} = {53F8EF50-450A-4222-9C0D-B5378900C4B0}
		{650D0860-2C77-4187-98B5-C26335142231} = {09558BCE-6143-432B-B4A1-200B3CCE4FFC}
		{EA8D8BF1-4E5E-43FE-8BBA-88A53F9EB067} = {C5C930C5-E418-47A4-8F58-A3A445FA5828}
		{068A90A0-0F19-4928-94C3-71B7D7F2053D} = {05F18A53-FBF9-4134-8145-92A30A19CF54}
		{AA76DA5E-B9C7-4215-94D9-CCB6A5130BF0} = {05F18A53-FBF9-4134-8145-92A30A19CF54}
		{F8DDB163-18B6-4E89-98E0-2858C282487E} = {AA76DA5E-B9C7-4215-94D9-CCB6A5130BF0}
		{87CD8922-D4B5-4474-AEFB-5C3E2F1ABF27} = {C5C930C5-E418-47A4-8F58-A3A445FA5828}
		{39257E3A-4F2A-41CE-89F0-F30DC8DB3B15} = {C5C930C5-E418-47A4-8F58-A3A445FA5828}
		{B9FF53D1-25AA-4857-925A-0B23EFEFE4F6} = {C5C930C5-E418-47A4-8F58-A3A445FA5828}
		{86DC2342-37B8-4891-89C1-CC0A8323B11F} = {C5C930C5-E418-47A4-8F58-A3A445FA5828}
	EndGlobalSection
EndGlobal
